
Microsoft Visual Studio Solution File, Format Version 12.00
# Visual Studio 15
VisualStudioVersion = 15.0.27703.2035
MinimumVisualStudioVersion = 10.0.40219.1
Project("{FAE04EC0-301F-11D3-BF4B-00C04F79EFBC}") = "DevOps.Android", "DevOps\DevOps.Android\DevOps.Android.csproj", "{B5C06001-CE51-4E35-92B5-36C721D8BEF3}"
EndProject
Project("{FAE04EC0-301F-11D3-BF4B-00C04F79EFBC}") = "DevOps.iOS", "DevOps\DevOps.iOS\DevOps.iOS.csproj", "{A24656C8-59AA-4E45-96AA-AC3F234A6253}"
EndProject
Project("{FAE04EC0-301F-11D3-BF4B-00C04F79EFBC}") = "DevOps", "DevOps\DevOps\DevOps.csproj", "{52118B24-D74E-4D96-A539-D42F59BD9387}"
EndProject
Global
	GlobalSection(SolutionConfigurationPlatforms) = preSolution
		Ad-Hoc|Any CPU = Ad-Hoc|Any CPU
		Ad-Hoc|iPhone = Ad-Hoc|iPhone
		Ad-Hoc|iPhoneSimulator = Ad-Hoc|iPhoneSimulator
		AppStore|Any CPU = AppStore|Any CPU
		AppStore|iPhone = AppStore|iPhone
		AppStore|iPhoneSimulator = AppStore|iPhoneSimulator
		Debug|Any CPU = Debug|Any CPU
		Debug|iPhone = Debug|iPhone
		Debug|iPhoneSimulator = Debug|iPhoneSimulator
		Release|Any CPU = Release|Any CPU
		Release|iPhone = Release|iPhone
		Release|iPhoneSimulator = Release|iPhoneSimulator
	EndGlobalSection
	GlobalSection(ProjectConfigurationPlatforms) = postSolution
		{B5C06001-CE51-4E35-92B5-36C721D8BEF3}.Ad-Hoc|Any CPU.ActiveCfg = Release|Any CPU
		{B5C06001-CE51-4E35-92B5-36C721D8BEF3}.Ad-Hoc|Any CPU.Build.0 = Release|Any CPU
		{B5C06001-CE51-4E35-92B5-36C721D8BEF3}.Ad-Hoc|Any CPU.Deploy.0 = Release|Any CPU
		{B5C06001-CE51-4E35-92B5-36C721D8BEF3}.Ad-Hoc|iPhone.ActiveCfg = Release|Any CPU
		{B5C06001-CE51-4E35-92B5-36C721D8BEF3}.Ad-Hoc|iPhone.Build.0 = Release|Any CPU
		{B5C06001-CE51-4E35-92B5-36C721D8BEF3}.Ad-Hoc|iPhone.Deploy.0 = Release|Any CPU
		{B5C06001-CE51-4E35-92B5-36C721D8BEF3}.Ad-Hoc|iPhoneSimulator.ActiveCfg = Release|Any CPU
		{B5C06001-CE51-4E35-92B5-36C721D8BEF3}.Ad-Hoc|iPhoneSimulator.Build.0 = Release|Any CPU
		{B5C06001-CE51-4E35-92B5-36C721D8BEF3}.Ad-Hoc|iPhoneSimulator.Deploy.0 = Release|Any CPU
		{B5C06001-CE51-4E35-92B5-36C721D8BEF3}.AppStore|Any CPU.ActiveCfg = Release|Any CPU
		{B5C06001-CE51-4E35-92B5-36C721D8BEF3}.AppStore|Any CPU.Build.0 = Release|Any CPU
		{B5C06001-CE51-4E35-92B5-36C721D8BEF3}.AppStore|Any CPU.Deploy.0 = Release|Any CPU
		{B5C06001-CE51-4E35-92B5-36C721D8BEF3}.AppStore|iPhone.ActiveCfg = Release|Any CPU
		{B5C06001-CE51-4E35-92B5-36C721D8BEF3}.AppStore|iPhone.Build.0 = Release|Any CPU
		{B5C06001-CE51-4E35-92B5-36C721D8BEF3}.AppStore|iPhone.Deploy.0 = Release|Any CPU
		{B5C06001-CE51-4E35-92B5-36C721D8BEF3}.AppStore|iPhoneSimulator.ActiveCfg = Release|Any CPU
		{B5C06001-CE51-4E35-92B5-36C721D8BEF3}.AppStore|iPhoneSimulator.Build.0 = Release|Any CPU
		{B5C06001-CE51-4E35-92B5-36C721D8BEF3}.AppStore|iPhoneSimulator.Deploy.0 = Release|Any CPU
		{B5C06001-CE51-4E35-92B5-36C721D8BEF3}.Debug|Any CPU.ActiveCfg = Debug|Any CPU
		{B5C06001-CE51-4E35-92B5-36C721D8BEF3}.Debug|Any CPU.Build.0 = Debug|Any CPU
		{B5C06001-CE51-4E35-92B5-36C721D8BEF3}.Debug|Any CPU.Deploy.0 = Debug|Any CPU
		{B5C06001-CE51-4E35-92B5-36C721D8BEF3}.Debug|iPhone.ActiveCfg = Debug|Any CPU
		{B5C06001-CE51-4E35-92B5-36C721D8BEF3}.Debug|iPhone.Build.0 = Debug|Any CPU
		{B5C06001-CE51-4E35-92B5-36C721D8BEF3}.Debug|iPhone.Deploy.0 = Debug|Any CPU
		{B5C06001-CE51-4E35-92B5-36C721D8BEF3}.Debug|iPhoneSimulator.ActiveCfg = Debug|Any CPU
		{B5C06001-CE51-4E35-92B5-36C721D8BEF3}.Debug|iPhoneSimulator.Build.0 = Debug|Any CPU
		{B5C06001-CE51-4E35-92B5-36C721D8BEF3}.Debug|iPhoneSimulator.Deploy.0 = Debug|Any CPU
		{B5C06001-CE51-4E35-92B5-36C721D8BEF3}.Release|Any CPU.ActiveCfg = Release|Any CPU
		{B5C06001-CE51-4E35-92B5-36C721D8BEF3}.Release|Any CPU.Build.0 = Release|Any CPU
		{B5C06001-CE51-4E35-92B5-36C721D8BEF3}.Release|Any CPU.Deploy.0 = Release|Any CPU
		{B5C06001-CE51-4E35-92B5-36C721D8BEF3}.Release|iPhone.ActiveCfg = Release|Any CPU
		{B5C06001-CE51-4E35-92B5-36C721D8BEF3}.Release|iPhone.Build.0 = Release|Any CPU
		{B5C06001-CE51-4E35-92B5-36C721D8BEF3}.Release|iPhone.Deploy.0 = Release|Any CPU
		{B5C06001-CE51-4E35-92B5-36C721D8BEF3}.Release|iPhoneSimulator.ActiveCfg = Release|Any CPU
		{B5C06001-CE51-4E35-92B5-36C721D8BEF3}.Release|iPhoneSimulator.Build.0 = Release|Any CPU
		{B5C06001-CE51-4E35-92B5-36C721D8BEF3}.Release|iPhoneSimulator.Deploy.0 = Release|Any CPU
		{A24656C8-59AA-4E45-96AA-AC3F234A6253}.Ad-Hoc|Any CPU.ActiveCfg = Ad-Hoc|iPhone
		{A24656C8-59AA-4E45-96AA-AC3F234A6253}.Ad-Hoc|Any CPU.Build.0 = Ad-Hoc|iPhone
		{A24656C8-59AA-4E45-96AA-AC3F234A6253}.Ad-Hoc|Any CPU.Deploy.0 = Ad-Hoc|iPhone
		{A24656C8-59AA-4E45-96AA-AC3F234A6253}.Ad-Hoc|iPhone.ActiveCfg = Ad-Hoc|iPhone
		{A24656C8-59AA-4E45-96AA-AC3F234A6253}.Ad-Hoc|iPhone.Build.0 = Ad-Hoc|iPhone
		{A24656C8-59AA-4E45-96AA-AC3F234A6253}.Ad-Hoc|iPhone.Deploy.0 = Ad-Hoc|iPhone
		{A24656C8-59AA-4E45-96AA-AC3F234A6253}.Ad-Hoc|iPhoneSimulator.ActiveCfg = Ad-Hoc|iPhoneSimulator
		{A24656C8-59AA-4E45-96AA-AC3F234A6253}.Ad-Hoc|iPhoneSimulator.Build.0 = Ad-Hoc|iPhoneSimulator
		{A24656C8-59AA-4E45-96AA-AC3F234A6253}.Ad-Hoc|iPhoneSimulator.Deploy.0 = Ad-Hoc|iPhoneSimulator
		{A24656C8-59AA-4E45-96AA-AC3F234A6253}.AppStore|Any CPU.ActiveCfg = AppStore|iPhone
		{A24656C8-59AA-4E45-96AA-AC3F234A6253}.AppStore|Any CPU.Build.0 = AppStore|iPhone
		{A24656C8-59AA-4E45-96AA-AC3F234A6253}.AppStore|Any CPU.Deploy.0 = AppStore|iPhone
		{A24656C8-59AA-4E45-96AA-AC3F234A6253}.AppStore|iPhone.ActiveCfg = AppStore|iPhone
		{A24656C8-59AA-4E45-96AA-AC3F234A6253}.AppStore|iPhone.Build.0 = AppStore|iPhone
		{A24656C8-59AA-4E45-96AA-AC3F234A6253}.AppStore|iPhone.Deploy.0 = AppStore|iPhone
		{A24656C8-59AA-4E45-96AA-AC3F234A6253}.AppStore|iPhoneSimulator.ActiveCfg = AppStore|iPhoneSimulator
		{A24656C8-59AA-4E45-96AA-AC3F234A6253}.AppStore|iPhoneSimulator.Build.0 = AppStore|iPhoneSimulator
		{A24656C8-59AA-4E45-96AA-AC3F234A6253}.AppStore|iPhoneSimulator.Deploy.0 = AppStore|iPhoneSimulator
		{A24656C8-59AA-4E45-96AA-AC3F234A6253}.Debug|Any CPU.ActiveCfg = Debug|iPhoneSimulator
		{A24656C8-59AA-4E45-96AA-AC3F234A6253}.Debug|Any CPU.Build.0 = Debug|iPhoneSimulator
		{A24656C8-59AA-4E45-96AA-AC3F234A6253}.Debug|Any CPU.Deploy.0 = Debug|iPhoneSimulator
		{A24656C8-59AA-4E45-96AA-AC3F234A6253}.Debug|iPhone.ActiveCfg = Debug|iPhone
		{A24656C8-59AA-4E45-96AA-AC3F234A6253}.Debug|iPhone.Build.0 = Debug|iPhone
		{A24656C8-59AA-4E45-96AA-AC3F234A6253}.Debug|iPhone.Deploy.0 = Debug|iPhone
		{A24656C8-59AA-4E45-96AA-AC3F234A6253}.Debug|iPhoneSimulator.ActiveCfg = Debug|iPhoneSimulator
		{A24656C8-59AA-4E45-96AA-AC3F234A6253}.Debug|iPhoneSimulator.Build.0 = Debug|iPhoneSimulator
		{A24656C8-59AA-4E45-96AA-AC3F234A6253}.Debug|iPhoneSimulator.Deploy.0 = Debug|iPhoneSimulator
		{A24656C8-59AA-4E45-96AA-AC3F234A6253}.Release|Any CPU.ActiveCfg = Release|iPhone
		{A24656C8-59AA-4E45-96AA-AC3F234A6253}.Release|Any CPU.Build.0 = Release|iPhone
		{A24656C8-59AA-4E45-96AA-AC3F234A6253}.Release|Any CPU.Deploy.0 = Release|iPhone
		{A24656C8-59AA-4E45-96AA-AC3F234A6253}.Release|iPhone.ActiveCfg = Release|iPhone
		{A24656C8-59AA-4E45-96AA-AC3F234A6253}.Release|iPhone.Build.0 = Release|iPhone
		{A24656C8-59AA-4E45-96AA-AC3F234A6253}.Release|iPhone.Deploy.0 = Release|iPhone
		{A24656C8-59AA-4E45-96AA-AC3F234A6253}.Release|iPhoneSimulator.ActiveCfg = Release|iPhoneSimulator
		{A24656C8-59AA-4E45-96AA-AC3F234A6253}.Release|iPhoneSimulator.Build.0 = Release|iPhoneSimulator
		{A24656C8-59AA-4E45-96AA-AC3F234A6253}.Release|iPhoneSimulator.Deploy.0 = Release|iPhoneSimulator
		{52118B24-D74E-4D96-A539-D42F59BD9387}.Ad-Hoc|Any CPU.ActiveCfg = Debug|Any CPU
		{52118B24-D74E-4D96-A539-D42F59BD9387}.Ad-Hoc|Any CPU.Build.0 = Debug|Any CPU
		{52118B24-D74E-4D96-A539-D42F59BD9387}.Ad-Hoc|Any CPU.Deploy.0 = Debug|Any CPU
		{52118B24-D74E-4D96-A539-D42F59BD9387}.Ad-Hoc|iPhone.ActiveCfg = Debug|Any CPU
		{52118B24-D74E-4D96-A539-D42F59BD9387}.Ad-Hoc|iPhone.Build.0 = Debug|Any CPU
		{52118B24-D74E-4D96-A539-D42F59BD9387}.Ad-Hoc|iPhone.Deploy.0 = Debug|Any CPU
		{52118B24-D74E-4D96-A539-D42F59BD9387}.Ad-Hoc|iPhoneSimulator.ActiveCfg = Debug|Any CPU
		{52118B24-D74E-4D96-A539-D42F59BD9387}.Ad-Hoc|iPhoneSimulator.Build.0 = Debug|Any CPU
		{52118B24-D74E-4D96-A539-D42F59BD9387}.Ad-Hoc|iPhoneSimulator.Deploy.0 = Debug|Any CPU
		{52118B24-D74E-4D96-A539-D42F59BD9387}.AppStore|Any CPU.ActiveCfg = Debug|Any CPU
		{52118B24-D74E-4D96-A539-D42F59BD9387}.AppStore|Any CPU.Build.0 = Debug|Any CPU
		{52118B24-D74E-4D96-A539-D42F59BD9387}.AppStore|Any CPU.Deploy.0 = Debug|Any CPU
		{52118B24-D74E-4D96-A539-D42F59BD9387}.AppStore|iPhone.ActiveCfg = Debug|Any CPU
		{52118B24-D74E-4D96-A539-D42F59BD9387}.AppStore|iPhone.Build.0 = Debug|Any CPU
		{52118B24-D74E-4D96-A539-D42F59BD9387}.AppStore|iPhone.Deploy.0 = Debug|Any CPU
		{52118B24-D74E-4D96-A539-D42F59BD9387}.AppStore|iPhoneSimulator.ActiveCfg = Debug|Any CPU
		{52118B24-D74E-4D96-A539-D42F59BD9387}.AppStore|iPhoneSimulator.Build.0 = Debug|Any CPU
		{52118B24-D74E-4D96-A539-D42F59BD9387}.AppStore|iPhoneSimulator.Deploy.0 = Debug|Any CPU
		{52118B24-D74E-4D96-A539-D42F59BD9387}.Debug|Any CPU.ActiveCfg = Debug|Any CPU
		{52118B24-D74E-4D96-A539-D42F59BD9387}.Debug|Any CPU.Build.0 = Debug|Any CPU
		{52118B24-D74E-4D96-A539-D42F59BD9387}.Debug|Any CPU.Deploy.0 = Debug|Any CPU
		{52118B24-D74E-4D96-A539-D42F59BD9387}.Debug|iPhone.ActiveCfg = Debug|Any CPU
		{52118B24-D74E-4D96-A539-D42F59BD9387}.Debug|iPhone.Build.0 = Debug|Any CPU
		{52118B24-D74E-4D96-A539-D42F59BD9387}.Debug|iPhone.Deploy.0 = Debug|Any CPU
		{52118B24-D74E-4D96-A539-D42F59BD9387}.Debug|iPhoneSimulator.ActiveCfg = Debug|Any CPU
		{52118B24-D74E-4D96-A539-D42F59BD9387}.Debug|iPhoneSimulator.Build.0 = Debug|Any CPU
		{52118B24-D74E-4D96-A539-D42F59BD9387}.Debug|iPhoneSimulator.Deploy.0 = Debug|Any CPU
		{52118B24-D74E-4D96-A539-D42F59BD9387}.Release|Any CPU.ActiveCfg = Release|Any CPU
		{52118B24-D74E-4D96-A539-D42F59BD9387}.Release|Any CPU.Build.0 = Release|Any CPU
		{52118B24-D74E-4D96-A539-D42F59BD9387}.Release|Any CPU.Deploy.0 = Release|Any CPU
		{52118B24-D74E-4D96-A539-D42F59BD9387}.Release|iPhone.ActiveCfg = Release|Any CPU
		{52118B24-D74E-4D96-A539-D42F59BD9387}.Release|iPhone.Build.0 = Release|Any CPU
		{52118B24-D74E-4D96-A539-D42F59BD9387}.Release|iPhone.Deploy.0 = Release|Any CPU
		{52118B24-D74E-4D96-A539-D42F59BD9387}.Release|iPhoneSimulator.ActiveCfg = Release|Any CPU
		{52118B24-D74E-4D96-A539-D42F59BD9387}.Release|iPhoneSimulator.Build.0 = Release|Any CPU
		{52118B24-D74E-4D96-A539-D42F59BD9387}.Release|iPhoneSimulator.Deploy.0 = Release|Any CPU
	EndGlobalSection
	GlobalSection(SolutionProperties) = preSolution
		HideSolutionNode = FALSE
	EndGlobalSection
	GlobalSection(ExtensibilityGlobals) = postSolution
		SolutionGuid = {3BDA33F6-FB8D-4C9D-888B-F37FD92148F9}
	EndGlobalSection
EndGlobal
